
Microsoft Visual Studio Solution File, Format Version 12.00
# Visual Studio 2012
Project("{FAE04EC0-301F-11D3-BF4B-00C04F79EFBC}") = "CodeJam-Problems", "CodeJam-Problems\CodeJam-Problems.csproj", "{9D6133E2-16BC-4C7B-9DBA-8A33121B3A72}"
EndProject
Project("{FAE04EC0-301F-11D3-BF4B-00C04F79EFBC}") = "CodeJam-Tests", "CodeJam-Tests\CodeJam-Tests.csproj", "{91B6F3FC-EED3-4CD8-8144-39CBA10E7222}"
EndProject
Global
	GlobalSection(SolutionConfigurationPlatforms) = preSolution
		Debug|Any CPU = Debug|Any CPU
		Release|Any CPU = Release|Any CPU
	EndGlobalSection
	GlobalSection(ProjectConfigurationPlatforms) = postSolution
		{9D6133E2-16BC-4C7B-9DBA-8A33121B3A72}.Debug|Any CPU.ActiveCfg = Debug|Any CPU
		{9D6133E2-16BC-4C7B-9DBA-8A33121B3A72}.Debug|Any CPU.Build.0 = Debug|Any CPU
		{9D6133E2-16BC-4C7B-9DBA-8A33121B3A72}.Release|Any CPU.ActiveCfg = Release|Any CPU
		{9D6133E2-16BC-4C7B-9DBA-8A33121B3A72}.Release|Any CPU.Build.0 = Release|Any CPU
		{91B6F3FC-EED3-4CD8-8144-39CBA10E7222}.Debug|Any CPU.ActiveCfg = Debug|Any CPU
		{91B6F3FC-EED3-4CD8-8144-39CBA10E7222}.Debug|Any CPU.Build.0 = Debug|Any CPU
		{91B6F3FC-EED3-4CD8-8144-39CBA10E7222}.Release|Any CPU.ActiveCfg = Release|Any CPU
		{91B6F3FC-EED3-4CD8-8144-39CBA10E7222}.Release|Any CPU.Build.0 = Release|Any CPU
	EndGlobalSection
	GlobalSection(SolutionProperties) = preSolution
		HideSolutionNode = FALSE
	EndGlobalSection
EndGlobal
